
Microsoft Visual Studio Solution File, Format Version 12.00
# Visual Studio Version 18
VisualStudioVersion = 18.0.11111.16
MinimumVisualStudioVersion = 10.0.40219.1
Project("{2150E333-8FDC-42A3-9474-1A3956D46DE8}") = "Dependencies", "Dependencies", "{3FFDDD6C-515F-47E1-8D1F-4D42E7607E25}"
EndProject
Project("{2150E333-8FDC-42A3-9474-1A3956D46DE8}") = "External", "External", "{E56BC23E-6F86-4C20-9291-A2FA8103F470}"
EndProject
Project("{FAE04EC0-301F-11D3-BF4B-00C04F79EFBC}") = "IGLib.Core", "..\IGLibCore\src\IGLib.Core\IGLib.Core.csproj", "{9EA06FBD-5AB4-4482-A106-396884494109}"
EndProject
Project("{2150E333-8FDC-42A3-9474-1A3956D46DE8}") = "0_SolutionItems", "0_SolutionItems", "{A98C7085-9B52-436B-8539-FBB73D517C7E}"
	ProjectSection(SolutionItems) = preProject
		.gitignore = .gitignore
		GitVersion.yml = GitVersion.yml
		LICENSE.md = LICENSE.md
		README.md = README.md
		repository_ajgorhoe_IGLib.modules.IGLibApps.url = repository_ajgorhoe_IGLib.modules.IGLibApps.url
	EndProjectSection
EndProject
Project("{2150E333-8FDC-42A3-9474-1A3956D46DE8}") = "IGLibModules", "IGLibModules", "{BCB03A9C-99D9-4193-8EA8-6EC0F8697D64}"
EndProject
Project("{2150E333-8FDC-42A3-9474-1A3956D46DE8}") = "InitModules", "InitModules", "{1F771011-EF2D-447C-AF95-664775DD24E9}"
EndProject
Project("{FAE04EC0-301F-11D3-BF4B-00C04F79EFBC}") = "InitModulesCore", "..\IGLibCore\src\0InitModules\InitModulesCore\InitModulesCore.csproj", "{AD77AABA-7414-262E-F49E-7D4C3ECABA73}"
EndProject
Project("{FAE04EC0-301F-11D3-BF4B-00C04F79EFBC}") = "IGLib.CoreExtended", "..\IGLibCore\src\IGLib.CoreExtended\IGLib.CoreExtended.csproj", "{E1902B55-910E-1C01-A2E7-8A258F53D46D}"
EndProject
Project("{FAE04EC0-301F-11D3-BF4B-00C04F79EFBC}") = "IGLib.TestBase", "..\IGLibCore\tests\IGLib.TestBase\IGLib.TestBase.csproj", "{381BCB6E-F5CF-777C-1AED-4DA261403F4F}"
EndProject
Project("{2150E333-8FDC-42A3-9474-1A3956D46DE8}") = "WestWind.Scripting", "WestWind.Scripting", "{A15A7699-E809-4C3A-BE44-F8D56B52EA21}"
EndProject
Project("{FAE04EC0-301F-11D3-BF4B-00C04F79EFBC}") = "ReferenceTest", "..\_external\Westwind.Scripting\ReferenceTest\ReferenceTest.csproj", "{2938466D-9280-2598-3B9B-D7639F1B9CA5}"
EndProject
Project("{FAE04EC0-301F-11D3-BF4B-00C04F79EFBC}") = "Westwind.Scripting", "..\_external\Westwind.Scripting\Westwind.Scripting\Westwind.Scripting.csproj", "{34E29686-4EBF-E99F-CC45-DD8D6FFF2E67}"
EndProject
Project("{FAE04EC0-301F-11D3-BF4B-00C04F79EFBC}") = "Westwind.Scripting.Test", "..\_external\Westwind.Scripting\Westwind.Scripting.Test\Westwind.Scripting.Test.csproj", "{617ACA07-B233-471D-9F9B-A616807E5435}"
EndProject
Project("{2150E333-8FDC-42A3-9474-1A3956D46DE8}") = "0_SolutionItems_WestwindScripting", "0_SolutionItems_WestwindScripting", "{2916DC00-00E6-4FAE-A05F-ADBECDF850DE}"
	ProjectSection(SolutionItems) = preProject
		..\_external\Westwind.Scripting\Changelog.md = ..\_external\Westwind.Scripting\Changelog.md
		..\_external\Westwind.Scripting\README.md = ..\_external\Westwind.Scripting\README.md
		..\_external\Westwind.Scripting\ScriptAndTemplates.md = ..\_external\Westwind.Scripting\ScriptAndTemplates.md
		..\_external\Westwind.Scripting\Todo.md = ..\_external\Westwind.Scripting\Todo.md
	EndProjectSection
EndProject
Project("{FAE04EC0-301F-11D3-BF4B-00C04F79EFBC}") = "InitModulesApps", "src\0InitModules\InitModulesApps\InitModulesApps.csproj", "{72C398C6-8E0B-14B3-BB0B-C84C5CB28026}"
EndProject
Project("{FAE04EC0-301F-11D3-BF4B-00C04F79EFBC}") = "InitModulesAppsExtended", "src\0InitModules\InitModulesAppsExtended\InitModulesAppsExtended.csproj", "{C4FA18B2-598D-63C1-696A-4D103EF852A0}"
EndProject
Project("{FAE04EC0-301F-11D3-BF4B-00C04F79EFBC}") = "InitModulesGraphics3D", "..\IGLibGraphics3D\src\0InitModules\InitModulesGraphics3D\InitModulesGraphics3D.csproj", "{BA564BC0-FFF4-349D-0D80-C9F8DAC3D8DF}"
EndProject
Project("{FAE04EC0-301F-11D3-BF4B-00C04F79EFBC}") = "IGLib.Graphics3D", "..\IGLibGraphics3D\src\IGLib.Graphics3D\IGLib.Graphics3D.csproj", "{8EC01275-613D-284D-0117-CD07C4764A9E}"
EndProject
Project("{FAE04EC0-301F-11D3-BF4B-00C04F79EFBC}") = "IGLib.Scripting", "..\IGLibScripting\src\IGLib.Scripting\IGLib.Scripting.csproj", "{FEF39584-94F4-52FD-1A61-16470B0A58D2}"
EndProject
Project("{FAE04EC0-301F-11D3-BF4B-00C04F79EFBC}") = "IGLib.ScriptingExtended", "..\IGLibScripting\src\IGLib.ScriptingExtended\IGLib.ScriptingExtended.csproj", "{308F85D3-71AC-69E1-B966-683968354BDE}"
EndProject
Project("{FAE04EC0-301F-11D3-BF4B-00C04F79EFBC}") = "InitModulesScriptingCs", "..\IGLibScriptingCs\src\0InitModules\InitModulesScriptingCs\InitModulesScriptingCs.csproj", "{4A91050A-EF67-0DB8-A2A9-D1627E6FC8C6}"
EndProject
Project("{FAE04EC0-301F-11D3-BF4B-00C04F79EFBC}") = "InitModulesScriptingCsExtended", "..\IGLibScriptingCs\src\0InitModules\InitModulesScriptingCsExtended\InitModulesScriptingCsExtended.csproj", "{0D570594-D69C-27B8-E10B-0775F88672FF}"
EndProject
Project("{FAE04EC0-301F-11D3-BF4B-00C04F79EFBC}") = "IGLib.ScriptingCs", "..\IGLibScriptingCs\src\IGLib.ScriptingCs\IGLib.ScriptingCs.csproj", "{EF59F56E-F1C9-147F-AF11-AE077F73F40C}"
EndProject
Project("{FAE04EC0-301F-11D3-BF4B-00C04F79EFBC}") = "IGLib.ScriptingCsExtended", "..\IGLibScriptingCs\src\IGLib.ScriptingCsExtended\IGLib.ScriptingCsExtended.csproj", "{EE252FBD-CA41-B155-4659-9E38039BB8F8}"
EndProject
Project("{FAE04EC0-301F-11D3-BF4B-00C04F79EFBC}") = "IGLib.App", "src\IGLib.App\IGLib.App.csproj", "{C8ABB9D8-601D-FA91-E156-1485E6E75D93}"
EndProject
Project("{FAE04EC0-301F-11D3-BF4B-00C04F79EFBC}") = "IGLib.AppExtended", "src\IGLib.AppExtended\IGLib.AppExtended.csproj", "{7C28AFB7-DB55-CB20-189F-E9EF48C33CB3}"
EndProject
Project("{FAE04EC0-301F-11D3-BF4B-00C04F79EFBC}") = "IGLibShellWin", "apps\IGLibShellWin\IGLibShellWin.csproj", "{E1FFE686-CCE0-9372-ADFA-AFD7D4A0D74E}"
EndProject
Project("{FAE04EC0-301F-11D3-BF4B-00C04F79EFBC}") = "IGLibShellWinExt", "apps\IGLibShellWinExt\IGLibShellWinExt.csproj", "{5781A61C-A73A-93BC-EC4A-5163851760E9}"
EndProject
Project("{FAE04EC0-301F-11D3-BF4B-00C04F79EFBC}") = "Numerics", "..\_external\mathnet-numerics\src\Numerics\Numerics.csproj", "{F293FA43-D605-9037-1E2F-55CEF290066D}"
EndProject
Global
	GlobalSection(SolutionConfigurationPlatforms) = preSolution
		Debug|Any CPU = Debug|Any CPU
		Release|Any CPU = Release|Any CPU
	EndGlobalSection
	GlobalSection(ProjectConfigurationPlatforms) = postSolution
		{9EA06FBD-5AB4-4482-A106-396884494109}.Debug|Any CPU.ActiveCfg = Debug|Any CPU
		{9EA06FBD-5AB4-4482-A106-396884494109}.Debug|Any CPU.Build.0 = Debug|Any CPU
		{9EA06FBD-5AB4-4482-A106-396884494109}.Release|Any CPU.ActiveCfg = Release|Any CPU
		{9EA06FBD-5AB4-4482-A106-396884494109}.Release|Any CPU.Build.0 = Release|Any CPU
		{AD77AABA-7414-262E-F49E-7D4C3ECABA73}.Debug|Any CPU.ActiveCfg = Debug|Any CPU
		{AD77AABA-7414-262E-F49E-7D4C3ECABA73}.Debug|Any CPU.Build.0 = Debug|Any CPU
		{AD77AABA-7414-262E-F49E-7D4C3ECABA73}.Release|Any CPU.ActiveCfg = Release|Any CPU
		{AD77AABA-7414-262E-F49E-7D4C3ECABA73}.Release|Any CPU.Build.0 = Release|Any CPU
		{E1902B55-910E-1C01-A2E7-8A258F53D46D}.Debug|Any CPU.ActiveCfg = Debug|Any CPU
		{E1902B55-910E-1C01-A2E7-8A258F53D46D}.Debug|Any CPU.Build.0 = Debug|Any CPU
		{E1902B55-910E-1C01-A2E7-8A258F53D46D}.Release|Any CPU.ActiveCfg = Release|Any CPU
		{E1902B55-910E-1C01-A2E7-8A258F53D46D}.Release|Any CPU.Build.0 = Release|Any CPU
		{381BCB6E-F5CF-777C-1AED-4DA261403F4F}.Debug|Any CPU.ActiveCfg = Debug|Any CPU
		{381BCB6E-F5CF-777C-1AED-4DA261403F4F}.Debug|Any CPU.Build.0 = Debug|Any CPU
		{381BCB6E-F5CF-777C-1AED-4DA261403F4F}.Release|Any CPU.ActiveCfg = Release|Any CPU
		{381BCB6E-F5CF-777C-1AED-4DA261403F4F}.Release|Any CPU.Build.0 = Release|Any CPU
		{2938466D-9280-2598-3B9B-D7639F1B9CA5}.Debug|Any CPU.ActiveCfg = Debug|Any CPU
		{2938466D-9280-2598-3B9B-D7639F1B9CA5}.Debug|Any CPU.Build.0 = Debug|Any CPU
		{2938466D-9280-2598-3B9B-D7639F1B9CA5}.Release|Any CPU.ActiveCfg = Release|Any CPU
		{2938466D-9280-2598-3B9B-D7639F1B9CA5}.Release|Any CPU.Build.0 = Release|Any CPU
		{34E29686-4EBF-E99F-CC45-DD8D6FFF2E67}.Debug|Any CPU.ActiveCfg = Debug|Any CPU
		{34E29686-4EBF-E99F-CC45-DD8D6FFF2E67}.Debug|Any CPU.Build.0 = Debug|Any CPU
		{34E29686-4EBF-E99F-CC45-DD8D6FFF2E67}.Release|Any CPU.ActiveCfg = Release|Any CPU
		{34E29686-4EBF-E99F-CC45-DD8D6FFF2E67}.Release|Any CPU.Build.0 = Release|Any CPU
		{617ACA07-B233-471D-9F9B-A616807E5435}.Debug|Any CPU.ActiveCfg = Debug|Any CPU
		{617ACA07-B233-471D-9F9B-A616807E5435}.Debug|Any CPU.Build.0 = Debug|Any CPU
		{617ACA07-B233-471D-9F9B-A616807E5435}.Release|Any CPU.ActiveCfg = Release|Any CPU
		{617ACA07-B233-471D-9F9B-A616807E5435}.Release|Any CPU.Build.0 = Release|Any CPU
		{72C398C6-8E0B-14B3-BB0B-C84C5CB28026}.Debug|Any CPU.ActiveCfg = Debug|Any CPU
		{72C398C6-8E0B-14B3-BB0B-C84C5CB28026}.Debug|Any CPU.Build.0 = Debug|Any CPU
		{72C398C6-8E0B-14B3-BB0B-C84C5CB28026}.Release|Any CPU.ActiveCfg = Release|Any CPU
		{72C398C6-8E0B-14B3-BB0B-C84C5CB28026}.Release|Any CPU.Build.0 = Release|Any CPU
		{C4FA18B2-598D-63C1-696A-4D103EF852A0}.Debug|Any CPU.ActiveCfg = Debug|Any CPU
		{C4FA18B2-598D-63C1-696A-4D103EF852A0}.Debug|Any CPU.Build.0 = Debug|Any CPU
		{C4FA18B2-598D-63C1-696A-4D103EF852A0}.Release|Any CPU.ActiveCfg = Release|Any CPU
		{C4FA18B2-598D-63C1-696A-4D103EF852A0}.Release|Any CPU.Build.0 = Release|Any CPU
		{BA564BC0-FFF4-349D-0D80-C9F8DAC3D8DF}.Debug|Any CPU.ActiveCfg = Debug|Any CPU
		{BA564BC0-FFF4-349D-0D80-C9F8DAC3D8DF}.Debug|Any CPU.Build.0 = Debug|Any CPU
		{BA564BC0-FFF4-349D-0D80-C9F8DAC3D8DF}.Release|Any CPU.ActiveCfg = Release|Any CPU
		{BA564BC0-FFF4-349D-0D80-C9F8DAC3D8DF}.Release|Any CPU.Build.0 = Release|Any CPU
		{8EC01275-613D-284D-0117-CD07C4764A9E}.Debug|Any CPU.ActiveCfg = Debug|Any CPU
		{8EC01275-613D-284D-0117-CD07C4764A9E}.Debug|Any CPU.Build.0 = Debug|Any CPU
		{8EC01275-613D-284D-0117-CD07C4764A9E}.Release|Any CPU.ActiveCfg = Release|Any CPU
		{8EC01275-613D-284D-0117-CD07C4764A9E}.Release|Any CPU.Build.0 = Release|Any CPU
		{FEF39584-94F4-52FD-1A61-16470B0A58D2}.Debug|Any CPU.ActiveCfg = Debug|Any CPU
		{FEF39584-94F4-52FD-1A61-16470B0A58D2}.Debug|Any CPU.Build.0 = Debug|Any CPU
		{FEF39584-94F4-52FD-1A61-16470B0A58D2}.Release|Any CPU.ActiveCfg = Release|Any CPU
		{FEF39584-94F4-52FD-1A61-16470B0A58D2}.Release|Any CPU.Build.0 = Release|Any CPU
		{308F85D3-71AC-69E1-B966-683968354BDE}.Debug|Any CPU.ActiveCfg = Debug|Any CPU
		{308F85D3-71AC-69E1-B966-683968354BDE}.Debug|Any CPU.Build.0 = Debug|Any CPU
		{308F85D3-71AC-69E1-B966-683968354BDE}.Release|Any CPU.ActiveCfg = Release|Any CPU
		{308F85D3-71AC-69E1-B966-683968354BDE}.Release|Any CPU.Build.0 = Release|Any CPU
		{4A91050A-EF67-0DB8-A2A9-D1627E6FC8C6}.Debug|Any CPU.ActiveCfg = Debug|Any CPU
		{4A91050A-EF67-0DB8-A2A9-D1627E6FC8C6}.Debug|Any CPU.Build.0 = Debug|Any CPU
		{4A91050A-EF67-0DB8-A2A9-D1627E6FC8C6}.Release|Any CPU.ActiveCfg = Release|Any CPU
		{4A91050A-EF67-0DB8-A2A9-D1627E6FC8C6}.Release|Any CPU.Build.0 = Release|Any CPU
		{0D570594-D69C-27B8-E10B-0775F88672FF}.Debug|Any CPU.ActiveCfg = Debug|Any CPU
		{0D570594-D69C-27B8-E10B-0775F88672FF}.Debug|Any CPU.Build.0 = Debug|Any CPU
		{0D570594-D69C-27B8-E10B-0775F88672FF}.Release|Any CPU.ActiveCfg = Release|Any CPU
		{0D570594-D69C-27B8-E10B-0775F88672FF}.Release|Any CPU.Build.0 = Release|Any CPU
		{EF59F56E-F1C9-147F-AF11-AE077F73F40C}.Debug|Any CPU.ActiveCfg = Debug|Any CPU
		{EF59F56E-F1C9-147F-AF11-AE077F73F40C}.Debug|Any CPU.Build.0 = Debug|Any CPU
		{EF59F56E-F1C9-147F-AF11-AE077F73F40C}.Release|Any CPU.ActiveCfg = Release|Any CPU
		{EF59F56E-F1C9-147F-AF11-AE077F73F40C}.Release|Any CPU.Build.0 = Release|Any CPU
		{EE252FBD-CA41-B155-4659-9E38039BB8F8}.Debug|Any CPU.ActiveCfg = Debug|Any CPU
		{EE252FBD-CA41-B155-4659-9E38039BB8F8}.Debug|Any CPU.Build.0 = Debug|Any CPU
		{EE252FBD-CA41-B155-4659-9E38039BB8F8}.Release|Any CPU.ActiveCfg = Release|Any CPU
		{EE252FBD-CA41-B155-4659-9E38039BB8F8}.Release|Any CPU.Build.0 = Release|Any CPU
		{C8ABB9D8-601D-FA91-E156-1485E6E75D93}.Debug|Any CPU.ActiveCfg = Debug|Any CPU
		{C8ABB9D8-601D-FA91-E156-1485E6E75D93}.Debug|Any CPU.Build.0 = Debug|Any CPU
		{C8ABB9D8-601D-FA91-E156-1485E6E75D93}.Release|Any CPU.ActiveCfg = Release|Any CPU
		{C8ABB9D8-601D-FA91-E156-1485E6E75D93}.Release|Any CPU.Build.0 = Release|Any CPU
		{7C28AFB7-DB55-CB20-189F-E9EF48C33CB3}.Debug|Any CPU.ActiveCfg = Debug|Any CPU
		{7C28AFB7-DB55-CB20-189F-E9EF48C33CB3}.Debug|Any CPU.Build.0 = Debug|Any CPU
		{7C28AFB7-DB55-CB20-189F-E9EF48C33CB3}.Release|Any CPU.ActiveCfg = Release|Any CPU
		{7C28AFB7-DB55-CB20-189F-E9EF48C33CB3}.Release|Any CPU.Build.0 = Release|Any CPU
		{E1FFE686-CCE0-9372-ADFA-AFD7D4A0D74E}.Debug|Any CPU.ActiveCfg = Debug|Any CPU
		{E1FFE686-CCE0-9372-ADFA-AFD7D4A0D74E}.Debug|Any CPU.Build.0 = Debug|Any CPU
		{E1FFE686-CCE0-9372-ADFA-AFD7D4A0D74E}.Release|Any CPU.ActiveCfg = Release|Any CPU
		{E1FFE686-CCE0-9372-ADFA-AFD7D4A0D74E}.Release|Any CPU.Build.0 = Release|Any CPU
		{5781A61C-A73A-93BC-EC4A-5163851760E9}.Debug|Any CPU.ActiveCfg = Debug|Any CPU
		{5781A61C-A73A-93BC-EC4A-5163851760E9}.Debug|Any CPU.Build.0 = Debug|Any CPU
		{5781A61C-A73A-93BC-EC4A-5163851760E9}.Release|Any CPU.ActiveCfg = Release|Any CPU
		{5781A61C-A73A-93BC-EC4A-5163851760E9}.Release|Any CPU.Build.0 = Release|Any CPU
		{F293FA43-D605-9037-1E2F-55CEF290066D}.Debug|Any CPU.ActiveCfg = Debug|Any CPU
		{F293FA43-D605-9037-1E2F-55CEF290066D}.Debug|Any CPU.Build.0 = Debug|Any CPU
		{F293FA43-D605-9037-1E2F-55CEF290066D}.Release|Any CPU.ActiveCfg = Release|Any CPU
		{F293FA43-D605-9037-1E2F-55CEF290066D}.Release|Any CPU.Build.0 = Release|Any CPU
	EndGlobalSection
	GlobalSection(SolutionProperties) = preSolution
		HideSolutionNode = FALSE
	EndGlobalSection
	GlobalSection(NestedProjects) = preSolution
		{E56BC23E-6F86-4C20-9291-A2FA8103F470} = {3FFDDD6C-515F-47E1-8D1F-4D42E7607E25}
		{9EA06FBD-5AB4-4482-A106-396884494109} = {BCB03A9C-99D9-4193-8EA8-6EC0F8697D64}
		{BCB03A9C-99D9-4193-8EA8-6EC0F8697D64} = {3FFDDD6C-515F-47E1-8D1F-4D42E7607E25}
		{AD77AABA-7414-262E-F49E-7D4C3ECABA73} = {BCB03A9C-99D9-4193-8EA8-6EC0F8697D64}
		{E1902B55-910E-1C01-A2E7-8A258F53D46D} = {BCB03A9C-99D9-4193-8EA8-6EC0F8697D64}
		{381BCB6E-F5CF-777C-1AED-4DA261403F4F} = {BCB03A9C-99D9-4193-8EA8-6EC0F8697D64}
		{A15A7699-E809-4C3A-BE44-F8D56B52EA21} = {E56BC23E-6F86-4C20-9291-A2FA8103F470}
		{2938466D-9280-2598-3B9B-D7639F1B9CA5} = {A15A7699-E809-4C3A-BE44-F8D56B52EA21}
		{34E29686-4EBF-E99F-CC45-DD8D6FFF2E67} = {A15A7699-E809-4C3A-BE44-F8D56B52EA21}
		{617ACA07-B233-471D-9F9B-A616807E5435} = {A15A7699-E809-4C3A-BE44-F8D56B52EA21}
		{2916DC00-00E6-4FAE-A05F-ADBECDF850DE} = {A15A7699-E809-4C3A-BE44-F8D56B52EA21}
		{72C398C6-8E0B-14B3-BB0B-C84C5CB28026} = {1F771011-EF2D-447C-AF95-664775DD24E9}
		{C4FA18B2-598D-63C1-696A-4D103EF852A0} = {1F771011-EF2D-447C-AF95-664775DD24E9}
		{BA564BC0-FFF4-349D-0D80-C9F8DAC3D8DF} = {BCB03A9C-99D9-4193-8EA8-6EC0F8697D64}
		{8EC01275-613D-284D-0117-CD07C4764A9E} = {BCB03A9C-99D9-4193-8EA8-6EC0F8697D64}
		{FEF39584-94F4-52FD-1A61-16470B0A58D2} = {BCB03A9C-99D9-4193-8EA8-6EC0F8697D64}
		{308F85D3-71AC-69E1-B966-683968354BDE} = {BCB03A9C-99D9-4193-8EA8-6EC0F8697D64}
		{4A91050A-EF67-0DB8-A2A9-D1627E6FC8C6} = {BCB03A9C-99D9-4193-8EA8-6EC0F8697D64}
		{0D570594-D69C-27B8-E10B-0775F88672FF} = {BCB03A9C-99D9-4193-8EA8-6EC0F8697D64}
		{EF59F56E-F1C9-147F-AF11-AE077F73F40C} = {BCB03A9C-99D9-4193-8EA8-6EC0F8697D64}
		{EE252FBD-CA41-B155-4659-9E38039BB8F8} = {BCB03A9C-99D9-4193-8EA8-6EC0F8697D64}
		{F293FA43-D605-9037-1E2F-55CEF290066D} = {E56BC23E-6F86-4C20-9291-A2FA8103F470}
	EndGlobalSection
	GlobalSection(ExtensibilityGlobals) = postSolution
		SolutionGuid = {93A0F843-C870-49FC-BDD3-49D39E5FBFB8}
	EndGlobalSection
EndGlobal
